{
  "name": "@gvhinks/fastify-cookie-monster",
  "version": "0.0.1",
  "lockfileVersion": 1,
  "requires": true,
  "dependencies": {
    "@tsconfig/node10": {
      "version": "1.0.7",
      "resolved": "https://registry.npmjs.org/@tsconfig/node10/-/node10-1.0.7.tgz",
      "integrity": "sha512-aBvUmXLQbayM4w3A8TrjwrXs4DZ8iduJnuJLLRGdkWlyakCf1q6uHZJBzXoRA/huAEknG5tcUyQxN3A+In5euQ==",
      "dev": true
    },
    "husky": {
      "version": "5.0.9",
      "resolved": "https://registry.npmjs.org/husky/-/husky-5.0.9.tgz",
      "integrity": "sha512-0SjcaY21a+IRdx7p7r/X33Vc09UR2m8SbP8yfkhUX2/jAmwcz+GR7i9jXkp2pP3GfX23JhMkVP6SWwXB18uXtg==",
      "dev": true
    },
    "typescript": {
      "version": "4.1.5",
      "resolved": "https://registry.npmjs.org/typescript/-/typescript-4.1.5.tgz",
      "integrity": "sha512-6OSu9PTIzmn9TCDiovULTnET6BgXtDYL4Gg4szY+cGsc3JP1dQL8qvE8kShTRx1NIw4Q9IBHlwODjkjWEtMUyA==",
      "dev": true
    }
  }
}
